
Microsoft Visual Studio Solution File, Format Version 12.00
# Visual Studio Version 17
VisualStudioVersion = 17.3.32804.467
MinimumVisualStudioVersion = 10.0.40219.1
Project("{FAE04EC0-301F-11D3-BF4B-00C04F79EFBC}") = "StudentAdminPortal.API", "StudentAdminPortal.API\StudentAdminPortal.API.csproj", "{904356C7-11A3-4A1A-B91F-A32F356F7129}"
EndProject
Global
	GlobalSection(SolutionConfigurationPlatforms) = preSolution
		Debug|Any CPU = Debug|Any CPU
		Release|Any CPU = Release|Any CPU
	EndGlobalSection
	GlobalSection(ProjectConfigurationPlatforms) = postSolution
		{904356C7-11A3-4A1A-B91F-A32F356F7129}.Debug|Any CPU.ActiveCfg = Debug|Any CPU
		{904356C7-11A3-4A1A-B91F-A32F356F7129}.Debug|Any CPU.Build.0 = Debug|Any CPU
		{904356C7-11A3-4A1A-B91F-A32F356F7129}.Release|Any CPU.ActiveCfg = Release|Any CPU
		{904356C7-11A3-4A1A-B91F-A32F356F7129}.Release|Any CPU.Build.0 = Release|Any CPU
	EndGlobalSection
	GlobalSection(SolutionProperties) = preSolution
		HideSolutionNode = FALSE
	EndGlobalSection
	GlobalSection(ExtensibilityGlobals) = postSolution
		SolutionGuid = {8E536BD7-2C70-4410-99C8-5885B5F886F4}
	EndGlobalSection
EndGlobal
